
Microsoft Visual Studio Solution File, Format Version 12.00
# Visual Studio 15
VisualStudioVersion = 15.0.27004.2010
MinimumVisualStudioVersion = 10.0.40219.1

Project("{FAE04EC0-301F-11D3-BF4B-00C04F79EFBC}") = "IdentityProvider.Repository.EF", "src\IdentityProvider.Repository.EF\IdentityProvider.Repository.EF.csproj", "{0CA9D23C-1325-485B-904C-8E8CDF9EE5A7}"
EndProject
Project("{FAE04EC0-301F-11D3-BF4B-00C04F79EFBC}") = "IdentityProvider.Services.Logging.WCF", "src\IdentityProvider.Services.Logging.WCF\IdentityProvider.Services.Logging.WCF.csproj", "{42AB1D01-5837-4709-ADDB-F41225AC98DB}"
	ProjectSection(ProjectDependencies) = postProject
		{10AE8362-4B9C-40EF-A336-07C2AA0ABFE7} = {10AE8362-4B9C-40EF-A336-07C2AA0ABFE7}
	EndProjectSection
EndProject
Project("{FAE04EC0-301F-11D3-BF4B-00C04F79EFBC}") = "IdentityProvider.Services", "src\IdentityProvider.Services\IdentityProvider.Services.csproj", "{7D969281-FD71-4DFA-ACF3-7CE772F950A5}"
EndProject
Project("{FAE04EC0-301F-11D3-BF4B-00C04F79EFBC}") = "IdentityProvider.Repository.EF.Test", "src\IdentityProvider.Repository.EF.Test\IdentityProvider.Repository.EF.Test.csproj", "{47CECEF5-DD70-44EB-955D-A07B2962E2BA}"
EndProject
Project("{2150E333-8FDC-42A3-9474-1A3956D46DE8}") = "IdentityProvider", "src\IdentityProvider", "{87CD3FC4-F8A8-42AC-B17C-9705B4BB6CA3}"
EndProject
Project("{FAE04EC0-301F-11D3-BF4B-00C04F79EFBC}") = "IdentityProvider.Services.Test", "src\IdentityProvider.Services.Test\IdentityProvider.Services.Test.csproj", "{6E6E488B-E178-4A11-B05C-36562E2A8E83}"
EndProject
Project("{FAE04EC0-301F-11D3-BF4B-00C04F79EFBC}") = "Module.Repository.EF.UnitTest", "src\Module.Repository.EF.UnitTest\Module.Repository.EF.UnitTest.csproj", "{803EF6A3-6DE4-495F-B784-147463570518}"
EndProject
Project("{FAE04EC0-301F-11D3-BF4B-00C04F79EFBC}") = "Module.ServicePattern.UnitTest", "src\Module.ServicePattern.UnitTest\Module.ServicePattern.UnitTest.csproj", "{0752FD78-9896-47CB-AE74-D10996CF1A9B}"
EndProject
Project("{FAE04EC0-301F-11D3-BF4B-00C04F79EFBC}") = "IdentityProvider.Models", "src\IdentityProvider.Models\IdentityProvider.Models.csproj", "{37F80328-35AC-4FED-8C50-59AFB2987B12}"
EndProject
Project("{FAE04EC0-301F-11D3-BF4B-00C04F79EFBC}") = "IdentityProvider.Infrastructure", "src\IdentityProvider.Infrastructure\IdentityProvider.Infrastructure.csproj", "{9C5177D6-B929-4082-B97F-0A2EC4954B19}"
EndProject
Project("{FAE04EC0-301F-11D3-BF4B-00C04F79EFBC}") = "IdentityProvider.Controllers", "src\IdentityProvider.Controllers\IdentityProvider.Controllers.csproj", "{968C767D-9FE8-4067-9706-2C7BB3EE5095}"
EndProject
Project("{2150E333-8FDC-42A3-9474-1A3956D46DE8}") = "GenericModules", "src\GenericModules", "{8F0DAB8E-6CCC-4CF2-93F2-40E99BFAA441}"
EndProject
Project("{FAE04EC0-301F-11D3-BF4B-00C04F79EFBC}") = "IdentityProvider.UI.Web.MVC5", "src\IdentityProvider.UI.Web.MVC5\IdentityProvider.UI.Web.MVC5.csproj", "{211DBDC6-7985-49C1-84E3-AAC6FC6A8824}"
EndProject
Project("{FAE04EC0-301F-11D3-BF4B-00C04F79EFBC}") = "IdentityProvider.UI.Web.MVC5.Tests", "src\IdentityProvider.UI.Web.MVC5.Tests\IdentityProvider.UI.Web.MVC5.Tests.csproj", "{4CE06F79-B3C9-4D96-8B2B-59A402A1E596}"
EndProject
Project("{9A19103F-16F7-4668-BE54-9A1E7A4F7556}") = "Module.Repository.EF", "src\Module.Repository.EF\Module.Repository.EF.csproj", "{57C00358-6CBC-460C-A358-1C9D02637CE9}"
EndProject
Project("{9A19103F-16F7-4668-BE54-9A1E7A4F7556}") = "Module.ServicePattern", "src\Module.ServicePattern\Module.ServicePattern.csproj", "{AF040061-07CF-4791-8D69-2E1E617A12F3}"
EndProject
Global
	GlobalSection(SolutionConfigurationPlatforms) = preSolution
		Debug|Any CPU = Debug|Any CPU
		Release|Any CPU = Release|Any CPU
	EndGlobalSection
	GlobalSection(ProjectConfigurationPlatforms) = postSolution
		{B4D738E2-4C65-4EA8-A2B7-9AB8AAB71E1C}.Debug|Any CPU.ActiveCfg = Debug|Any CPU
		{B4D738E2-4C65-4EA8-A2B7-9AB8AAB71E1C}.Debug|Any CPU.Build.0 = Debug|Any CPU
		{B4D738E2-4C65-4EA8-A2B7-9AB8AAB71E1C}.Release|Any CPU.ActiveCfg = Release|Any CPU
		{B4D738E2-4C65-4EA8-A2B7-9AB8AAB71E1C}.Release|Any CPU.Build.0 = Release|Any CPU
		{8E2C11AD-0CE2-4890-888D-2774D4F728C8}.Debug|Any CPU.ActiveCfg = Debug|Any CPU
		{8E2C11AD-0CE2-4890-888D-2774D4F728C8}.Debug|Any CPU.Build.0 = Debug|Any CPU
		{8E2C11AD-0CE2-4890-888D-2774D4F728C8}.Release|Any CPU.ActiveCfg = Release|Any CPU
		{8E2C11AD-0CE2-4890-888D-2774D4F728C8}.Release|Any CPU.Build.0 = Release|Any CPU
		{10AE8362-4B9C-40EF-A336-07C2AA0ABFE7}.Debug|Any CPU.ActiveCfg = Debug|Any CPU
		{10AE8362-4B9C-40EF-A336-07C2AA0ABFE7}.Debug|Any CPU.Build.0 = Debug|Any CPU
		{10AE8362-4B9C-40EF-A336-07C2AA0ABFE7}.Release|Any CPU.ActiveCfg = Release|Any CPU
		{10AE8362-4B9C-40EF-A336-07C2AA0ABFE7}.Release|Any CPU.Build.0 = Release|Any CPU
		{2B4FBF2B-DBB4-4278-A0E6-A7BFB7D48CBD}.Debug|Any CPU.ActiveCfg = Debug|Any CPU
		{2B4FBF2B-DBB4-4278-A0E6-A7BFB7D48CBD}.Debug|Any CPU.Build.0 = Debug|Any CPU
		{2B4FBF2B-DBB4-4278-A0E6-A7BFB7D48CBD}.Release|Any CPU.ActiveCfg = Debug|Any CPU
		{2B4FBF2B-DBB4-4278-A0E6-A7BFB7D48CBD}.Release|Any CPU.Build.0 = Debug|Any CPU
		{BB9624C3-7C75-492D-A204-036D071BF70E}.Debug|Any CPU.ActiveCfg = Debug|Any CPU
		{BB9624C3-7C75-492D-A204-036D071BF70E}.Debug|Any CPU.Build.0 = Debug|Any CPU
		{BB9624C3-7C75-492D-A204-036D071BF70E}.Release|Any CPU.ActiveCfg = Release|Any CPU
		{BB9624C3-7C75-492D-A204-036D071BF70E}.Release|Any CPU.Build.0 = Release|Any CPU
		{355DE7C7-BB00-4FAA-A5D0-4049A55C1810}.Debug|Any CPU.ActiveCfg = Debug|Any CPU
		{355DE7C7-BB00-4FAA-A5D0-4049A55C1810}.Debug|Any CPU.Build.0 = Debug|Any CPU
		{355DE7C7-BB00-4FAA-A5D0-4049A55C1810}.Release|Any CPU.ActiveCfg = Release|Any CPU
		{355DE7C7-BB00-4FAA-A5D0-4049A55C1810}.Release|Any CPU.Build.0 = Release|Any CPU
		{903EA2A0-3157-42F4-B284-8A49E8579553}.Debug|Any CPU.ActiveCfg = Debug|Any CPU
		{903EA2A0-3157-42F4-B284-8A49E8579553}.Debug|Any CPU.Build.0 = Debug|Any CPU
		{903EA2A0-3157-42F4-B284-8A49E8579553}.Release|Any CPU.ActiveCfg = Release|Any CPU
		{903EA2A0-3157-42F4-B284-8A49E8579553}.Release|Any CPU.Build.0 = Release|Any CPU
		{B5813CEB-C830-4212-8C4D-E3E754A9DF87}.Debug|Any CPU.ActiveCfg = Debug|Any CPU
		{B5813CEB-C830-4212-8C4D-E3E754A9DF87}.Debug|Any CPU.Build.0 = Debug|Any CPU
		{B5813CEB-C830-4212-8C4D-E3E754A9DF87}.Release|Any CPU.ActiveCfg = Release|Any CPU
		{B5813CEB-C830-4212-8C4D-E3E754A9DF87}.Release|Any CPU.Build.0 = Release|Any CPU
		{2CDB65E8-9E27-4032-89D7-934B08E40127}.Debug|Any CPU.ActiveCfg = Debug|Any CPU
		{2CDB65E8-9E27-4032-89D7-934B08E40127}.Debug|Any CPU.Build.0 = Debug|Any CPU
		{2CDB65E8-9E27-4032-89D7-934B08E40127}.Release|Any CPU.ActiveCfg = Release|Any CPU
		{2CDB65E8-9E27-4032-89D7-934B08E40127}.Release|Any CPU.Build.0 = Release|Any CPU
		{990CF038-B1C6-4FF1-B6B0-FF8224D16EBA}.Debug|Any CPU.ActiveCfg = Debug|Any CPU
		{990CF038-B1C6-4FF1-B6B0-FF8224D16EBA}.Debug|Any CPU.Build.0 = Debug|Any CPU
		{990CF038-B1C6-4FF1-B6B0-FF8224D16EBA}.Release|Any CPU.ActiveCfg = Release|Any CPU
		{990CF038-B1C6-4FF1-B6B0-FF8224D16EBA}.Release|Any CPU.Build.0 = Release|Any CPU
		{6EF9EB33-C11B-4571-A715-A8399948DAB0}.Debug|Any CPU.ActiveCfg = Debug|Any CPU
		{6EF9EB33-C11B-4571-A715-A8399948DAB0}.Debug|Any CPU.Build.0 = Debug|Any CPU
		{6EF9EB33-C11B-4571-A715-A8399948DAB0}.Release|Any CPU.ActiveCfg = Release|Any CPU
		{6EF9EB33-C11B-4571-A715-A8399948DAB0}.Release|Any CPU.Build.0 = Release|Any CPU
		{9AA27F30-B401-4BEB-BAE1-E6BBBDBACC75}.Debug|Any CPU.ActiveCfg = Debug|Any CPU
		{9AA27F30-B401-4BEB-BAE1-E6BBBDBACC75}.Debug|Any CPU.Build.0 = Debug|Any CPU
		{9AA27F30-B401-4BEB-BAE1-E6BBBDBACC75}.Release|Any CPU.ActiveCfg = Release|Any CPU
		{9AA27F30-B401-4BEB-BAE1-E6BBBDBACC75}.Release|Any CPU.Build.0 = Release|Any CPU
		{0CA9D23C-1325-485B-904C-8E8CDF9EE5A7}.Debug|Any CPU.ActiveCfg = Debug|Any CPU
		{0CA9D23C-1325-485B-904C-8E8CDF9EE5A7}.Debug|Any CPU.Build.0 = Debug|Any CPU
		{0CA9D23C-1325-485B-904C-8E8CDF9EE5A7}.Release|Any CPU.ActiveCfg = Debug|Any CPU
		{0CA9D23C-1325-485B-904C-8E8CDF9EE5A7}.Release|Any CPU.Build.0 = Debug|Any CPU
		{42AB1D01-5837-4709-ADDB-F41225AC98DB}.Debug|Any CPU.ActiveCfg = Debug|Any CPU
		{42AB1D01-5837-4709-ADDB-F41225AC98DB}.Debug|Any CPU.Build.0 = Debug|Any CPU
		{42AB1D01-5837-4709-ADDB-F41225AC98DB}.Release|Any CPU.ActiveCfg = Release|Any CPU
		{42AB1D01-5837-4709-ADDB-F41225AC98DB}.Release|Any CPU.Build.0 = Release|Any CPU
		{3B16C140-F2C0-40CE-B468-8910F9333B0E}.Debug|Any CPU.ActiveCfg = Debug|Any CPU
		{3B16C140-F2C0-40CE-B468-8910F9333B0E}.Debug|Any CPU.Build.0 = Debug|Any CPU
		{3B16C140-F2C0-40CE-B468-8910F9333B0E}.Release|Any CPU.ActiveCfg = Release|Any CPU
		{3B16C140-F2C0-40CE-B468-8910F9333B0E}.Release|Any CPU.Build.0 = Release|Any CPU
		{7D969281-FD71-4DFA-ACF3-7CE772F950A5}.Debug|Any CPU.ActiveCfg = Debug|Any CPU
		{7D969281-FD71-4DFA-ACF3-7CE772F950A5}.Debug|Any CPU.Build.0 = Debug|Any CPU
		{7D969281-FD71-4DFA-ACF3-7CE772F950A5}.Release|Any CPU.ActiveCfg = Release|Any CPU
		{7D969281-FD71-4DFA-ACF3-7CE772F950A5}.Release|Any CPU.Build.0 = Release|Any CPU
		{47CECEF5-DD70-44EB-955D-A07B2962E2BA}.Debug|Any CPU.ActiveCfg = Debug|Any CPU
		{47CECEF5-DD70-44EB-955D-A07B2962E2BA}.Debug|Any CPU.Build.0 = Debug|Any CPU
		{47CECEF5-DD70-44EB-955D-A07B2962E2BA}.Release|Any CPU.ActiveCfg = Release|Any CPU
		{47CECEF5-DD70-44EB-955D-A07B2962E2BA}.Release|Any CPU.Build.0 = Release|Any CPU
		{6E6E488B-E178-4A11-B05C-36562E2A8E83}.Debug|Any CPU.ActiveCfg = Debug|Any CPU
		{6E6E488B-E178-4A11-B05C-36562E2A8E83}.Debug|Any CPU.Build.0 = Debug|Any CPU
		{6E6E488B-E178-4A11-B05C-36562E2A8E83}.Release|Any CPU.ActiveCfg = Release|Any CPU
		{6E6E488B-E178-4A11-B05C-36562E2A8E83}.Release|Any CPU.Build.0 = Release|Any CPU
		{803EF6A3-6DE4-495F-B784-147463570518}.Debug|Any CPU.ActiveCfg = Debug|Any CPU
		{803EF6A3-6DE4-495F-B784-147463570518}.Debug|Any CPU.Build.0 = Debug|Any CPU
		{803EF6A3-6DE4-495F-B784-147463570518}.Release|Any CPU.ActiveCfg = Release|Any CPU
		{803EF6A3-6DE4-495F-B784-147463570518}.Release|Any CPU.Build.0 = Release|Any CPU
		{0752FD78-9896-47CB-AE74-D10996CF1A9B}.Debug|Any CPU.ActiveCfg = Debug|Any CPU
		{0752FD78-9896-47CB-AE74-D10996CF1A9B}.Debug|Any CPU.Build.0 = Debug|Any CPU
		{0752FD78-9896-47CB-AE74-D10996CF1A9B}.Release|Any CPU.ActiveCfg = Release|Any CPU
		{0752FD78-9896-47CB-AE74-D10996CF1A9B}.Release|Any CPU.Build.0 = Release|Any CPU
		{37F80328-35AC-4FED-8C50-59AFB2987B12}.Debug|Any CPU.ActiveCfg = Debug|Any CPU
		{37F80328-35AC-4FED-8C50-59AFB2987B12}.Debug|Any CPU.Build.0 = Debug|Any CPU
		{37F80328-35AC-4FED-8C50-59AFB2987B12}.Release|Any CPU.ActiveCfg = Release|Any CPU
		{37F80328-35AC-4FED-8C50-59AFB2987B12}.Release|Any CPU.Build.0 = Release|Any CPU
		{9C5177D6-B929-4082-B97F-0A2EC4954B19}.Debug|Any CPU.ActiveCfg = Debug|Any CPU
		{9C5177D6-B929-4082-B97F-0A2EC4954B19}.Debug|Any CPU.Build.0 = Debug|Any CPU
		{9C5177D6-B929-4082-B97F-0A2EC4954B19}.Release|Any CPU.ActiveCfg = Release|Any CPU
		{9C5177D6-B929-4082-B97F-0A2EC4954B19}.Release|Any CPU.Build.0 = Release|Any CPU
		{968C767D-9FE8-4067-9706-2C7BB3EE5095}.Debug|Any CPU.ActiveCfg = Debug|Any CPU
		{968C767D-9FE8-4067-9706-2C7BB3EE5095}.Debug|Any CPU.Build.0 = Debug|Any CPU
		{968C767D-9FE8-4067-9706-2C7BB3EE5095}.Release|Any CPU.ActiveCfg = Release|Any CPU
		{968C767D-9FE8-4067-9706-2C7BB3EE5095}.Release|Any CPU.Build.0 = Release|Any CPU
		{211DBDC6-7985-49C1-84E3-AAC6FC6A8824}.Debug|Any CPU.ActiveCfg = Debug|Any CPU
		{211DBDC6-7985-49C1-84E3-AAC6FC6A8824}.Debug|Any CPU.Build.0 = Debug|Any CPU
		{211DBDC6-7985-49C1-84E3-AAC6FC6A8824}.Release|Any CPU.ActiveCfg = Release|Any CPU
		{211DBDC6-7985-49C1-84E3-AAC6FC6A8824}.Release|Any CPU.Build.0 = Release|Any CPU
		{4CE06F79-B3C9-4D96-8B2B-59A402A1E596}.Debug|Any CPU.ActiveCfg = Debug|Any CPU
		{4CE06F79-B3C9-4D96-8B2B-59A402A1E596}.Debug|Any CPU.Build.0 = Debug|Any CPU
		{4CE06F79-B3C9-4D96-8B2B-59A402A1E596}.Release|Any CPU.ActiveCfg = Release|Any CPU
		{4CE06F79-B3C9-4D96-8B2B-59A402A1E596}.Release|Any CPU.Build.0 = Release|Any CPU
		{57C00358-6CBC-460C-A358-1C9D02637CE9}.Debug|Any CPU.ActiveCfg = Debug|Any CPU
		{57C00358-6CBC-460C-A358-1C9D02637CE9}.Debug|Any CPU.Build.0 = Debug|Any CPU
		{57C00358-6CBC-460C-A358-1C9D02637CE9}.Release|Any CPU.ActiveCfg = Release|Any CPU
		{57C00358-6CBC-460C-A358-1C9D02637CE9}.Release|Any CPU.Build.0 = Release|Any CPU
		{AF040061-07CF-4791-8D69-2E1E617A12F3}.Debug|Any CPU.ActiveCfg = Debug|Any CPU
		{AF040061-07CF-4791-8D69-2E1E617A12F3}.Debug|Any CPU.Build.0 = Debug|Any CPU
		{AF040061-07CF-4791-8D69-2E1E617A12F3}.Release|Any CPU.ActiveCfg = Release|Any CPU
		{AF040061-07CF-4791-8D69-2E1E617A12F3}.Release|Any CPU.Build.0 = Release|Any CPU
	EndGlobalSection
	GlobalSection(SolutionProperties) = preSolution
		HideSolutionNode = FALSE
	EndGlobalSection
	GlobalSection(NestedProjects) = preSolution
		{2CDB65E8-9E27-4032-89D7-934B08E40127} = {0B85C833-A6A8-43C1-BF49-342435720918}
		{990CF038-B1C6-4FF1-B6B0-FF8224D16EBA} = {0B85C833-A6A8-43C1-BF49-342435720918}
		{6EF9EB33-C11B-4571-A715-A8399948DAB0} = {0B85C833-A6A8-43C1-BF49-342435720918}
		{0CA9D23C-1325-485B-904C-8E8CDF9EE5A7} = {87CD3FC4-F8A8-42AC-B17C-9705B4BB6CA3}
		{7D969281-FD71-4DFA-ACF3-7CE772F950A5} = {87CD3FC4-F8A8-42AC-B17C-9705B4BB6CA3}
		{47CECEF5-DD70-44EB-955D-A07B2962E2BA} = {7A9AF972-CFC0-4934-A0D6-AD688CBEEFF0}
		{7A9AF972-CFC0-4934-A0D6-AD688CBEEFF0} = {87CD3FC4-F8A8-42AC-B17C-9705B4BB6CA3}
		{6E6E488B-E178-4A11-B05C-36562E2A8E83} = {7A9AF972-CFC0-4934-A0D6-AD688CBEEFF0}
		{803EF6A3-6DE4-495F-B784-147463570518} = {8F0DAB8E-6CCC-4CF2-93F2-40E99BFAA441}
		{0752FD78-9896-47CB-AE74-D10996CF1A9B} = {8F0DAB8E-6CCC-4CF2-93F2-40E99BFAA441}
		{37F80328-35AC-4FED-8C50-59AFB2987B12} = {87CD3FC4-F8A8-42AC-B17C-9705B4BB6CA3}
		{9C5177D6-B929-4082-B97F-0A2EC4954B19} = {87CD3FC4-F8A8-42AC-B17C-9705B4BB6CA3}
		{968C767D-9FE8-4067-9706-2C7BB3EE5095} = {87CD3FC4-F8A8-42AC-B17C-9705B4BB6CA3}
		{211DBDC6-7985-49C1-84E3-AAC6FC6A8824} = {87CD3FC4-F8A8-42AC-B17C-9705B4BB6CA3}
		{4CE06F79-B3C9-4D96-8B2B-59A402A1E596} = {7A9AF972-CFC0-4934-A0D6-AD688CBEEFF0}
		{57C00358-6CBC-460C-A358-1C9D02637CE9} = {8F0DAB8E-6CCC-4CF2-93F2-40E99BFAA441}
		{AF040061-07CF-4791-8D69-2E1E617A12F3} = {8F0DAB8E-6CCC-4CF2-93F2-40E99BFAA441}
	EndGlobalSection
	GlobalSection(ExtensibilityGlobals) = postSolution
		SolutionGuid = {570EECFA-F92C-481A-8183-BA2E5B503337}
	EndGlobalSection
EndGlobal
