
Microsoft Visual Studio Solution File, Format Version 12.00
# Visual Studio Version 16
VisualStudioVersion = 16.0.29324.140
MinimumVisualStudioVersion = 10.0.40219.1
Project("{FAE04EC0-301F-11D3-BF4B-00C04F79EFBC}") = "IdentityProvider.Repository.EF", "src\IdentityProvider.Repository.EF\IdentityProvider.Repository.EF.csproj", "{0CA9D23C-1325-485B-904C-8E8CDF9EE5A7}"
EndProject
Project("{FAE04EC0-301F-11D3-BF4B-00C04F79EFBC}") = "IdentityProvider.Services.Logging.WCF", "src\IdentityProvider.Services.Logging.WCF\IdentityProvider.Services.Logging.WCF.csproj", "{42AB1D01-5837-4709-ADDB-F41225AC98DB}"
EndProject
Project("{FAE04EC0-301F-11D3-BF4B-00C04F79EFBC}") = "IdentityProvider.Services", "src\IdentityProvider.Services\IdentityProvider.Services.csproj", "{7D969281-FD71-4DFA-ACF3-7CE772F950A5}"
EndProject
Project("{2150E333-8FDC-42A3-9474-1A3956D46DE8}") = "IdentityProvider", "IdentityProvider", "{87CD3FC4-F8A8-42AC-B17C-9705B4BB6CA3}"
EndProject
Project("{FAE04EC0-301F-11D3-BF4B-00C04F79EFBC}") = "IdentityProvider.Models", "src\IdentityProvider.Models\IdentityProvider.Models.csproj", "{37F80328-35AC-4FED-8C50-59AFB2987B12}"
EndProject
Project("{FAE04EC0-301F-11D3-BF4B-00C04F79EFBC}") = "IdentityProvider.Infrastructure", "src\IdentityProvider.Infrastructure\IdentityProvider.Infrastructure.csproj", "{9C5177D6-B929-4082-B97F-0A2EC4954B19}"
EndProject
Project("{FAE04EC0-301F-11D3-BF4B-00C04F79EFBC}") = "IdentityProvider.Controllers", "src\IdentityProvider.Controllers\IdentityProvider.Controllers.csproj", "{968C767D-9FE8-4067-9706-2C7BB3EE5095}"
EndProject
Project("{2150E333-8FDC-42A3-9474-1A3956D46DE8}") = "GenericModules", "GenericModules", "{8F0DAB8E-6CCC-4CF2-93F2-40E99BFAA441}"
EndProject
Project("{FAE04EC0-301F-11D3-BF4B-00C04F79EFBC}") = "IdentityProvider.UI.Web.MVC5", "src\IdentityProvider.UI.Web.MVC5\IdentityProvider.UI.Web.MVC5.csproj", "{211DBDC6-7985-49C1-84E3-AAC6FC6A8824}"
EndProject
Project("{9A19103F-16F7-4668-BE54-9A1E7A4F7556}") = "Module.Repository.EF", "src\Module.Repository.EF\Module.Repository.EF.csproj", "{57C00358-6CBC-460C-A358-1C9D02637CE9}"
EndProject
Project("{9A19103F-16F7-4668-BE54-9A1E7A4F7556}") = "Module.ServicePattern", "src\Module.ServicePattern\Module.ServicePattern.csproj", "{AF040061-07CF-4791-8D69-2E1E617A12F3}"
EndProject
Project("{FAE04EC0-301F-11D3-BF4B-00C04F79EFBC}") = "Module.Repository.EF.IntegrationTests", "src\Module.Repository.EF.IntegrationTests\Module.Repository.EF.IntegrationTests.csproj", "{19407B2F-CA47-4F58-A037-448E0E6DD3D8}"
EndProject
Project("{2150E333-8FDC-42A3-9474-1A3956D46DE8}") = "nuget", "nuget", "{334AA5A3-158A-4B95-8C2C-9F7D35DD15EC}"
	ProjectSection(SolutionItems) = preProject
		.nuget\NuGet.Config = .nuget\NuGet.Config
		.nuget\nuget.exe = .nuget\nuget.exe
		.nuget\nuget.rar = .nuget\nuget.rar
		.nuget\NuGet.targets = .nuget\NuGet.targets
	EndProjectSection
EndProject
Project("{2150E333-8FDC-42A3-9474-1A3956D46DE8}") = "WCFLoggingProvider", "WCFLoggingProvider", "{003B2A6E-97C5-49E5-87DB-2B43C2085215}"
EndProject
Project("{9A19103F-16F7-4668-BE54-9A1E7A4F7556}") = "Logging.WCF.Repository.EF", "Logging.WCF.Repository.EF\Logging.WCF.Repository.EF.csproj", "{A466B890-416F-42EB-85D2-CE09F69DF1E5}"
EndProject
Project("{9A19103F-16F7-4668-BE54-9A1E7A4F7556}") = "Logging.WCF.Models", "Logging.WCF.Models\Logging.WCF.Models.csproj", "{D8F42392-C88F-407A-90D1-A9A5342AF05E}"
EndProject
Project("{9A19103F-16F7-4668-BE54-9A1E7A4F7556}") = "Logging.WCF.Infrastructure", "Logging.WCF.Infrastructure\Logging.WCF.Infrastructure.csproj", "{C2B01C53-71B7-43E8-A35B-CB7B88D55071}"
EndProject
Project("{9A19103F-16F7-4668-BE54-9A1E7A4F7556}") = "Logging.WCF.Services", "Logging.WCF.Services\Logging.WCF.Services.csproj", "{A229B885-F520-4C9A-975E-B0FE90E51D38}"
EndProject
Project("{9A19103F-16F7-4668-BE54-9A1E7A4F7556}") = "Logging.WCF.Dummy.Entry", "Logging.WCF.Dummy.Entry\Logging.WCF.Dummy.Entry.csproj", "{E8622D21-5097-479A-BC2F-92348B33EAA2}"
EndProject
Project("{FAE04EC0-301F-11D3-BF4B-00C04F79EFBC}") = "Services.Logging.WCF.TestHarness", "Services.Logging.WCF.TestHarness\Services.Logging.WCF.TestHarness.csproj", "{B9A57598-5654-461E-982B-0396EAFE281D}"
	ProjectSection(ProjectDependencies) = postProject
		{42AB1D01-5837-4709-ADDB-F41225AC98DB} = {42AB1D01-5837-4709-ADDB-F41225AC98DB}
	EndProjectSection
EndProject
Project("{FAE04EC0-301F-11D3-BF4B-00C04F79EFBC}") = "Module.Repository.EF.Core3", "src\Module.Repository.EF.Core3\Module.Repository.EF.Core3.csproj", "{F09C414E-BBA4-4DCC-A577-72A0785F130D}"
EndProject
Project("{FAE04EC0-301F-11D3-BF4B-00C04F79EFBC}") = "Module.ServicePattern.Core3", "src\Module.ServicePattern.Core3\Module.ServicePattern.Core3.csproj", "{F4A5203B-0851-484A-A6FC-00B1CBED6107}"
EndProject
Global
	GlobalSection(SolutionConfigurationPlatforms) = preSolution
		Debug|Any CPU = Debug|Any CPU
		Release|Any CPU = Release|Any CPU
	EndGlobalSection
	GlobalSection(ProjectConfigurationPlatforms) = postSolution
		{0CA9D23C-1325-485B-904C-8E8CDF9EE5A7}.Debug|Any CPU.ActiveCfg = Debug|Any CPU
		{0CA9D23C-1325-485B-904C-8E8CDF9EE5A7}.Debug|Any CPU.Build.0 = Debug|Any CPU
		{0CA9D23C-1325-485B-904C-8E8CDF9EE5A7}.Release|Any CPU.ActiveCfg = Debug|Any CPU
		{0CA9D23C-1325-485B-904C-8E8CDF9EE5A7}.Release|Any CPU.Build.0 = Debug|Any CPU
		{42AB1D01-5837-4709-ADDB-F41225AC98DB}.Debug|Any CPU.ActiveCfg = Debug|Any CPU
		{42AB1D01-5837-4709-ADDB-F41225AC98DB}.Debug|Any CPU.Build.0 = Debug|Any CPU
		{42AB1D01-5837-4709-ADDB-F41225AC98DB}.Release|Any CPU.ActiveCfg = Release|Any CPU
		{42AB1D01-5837-4709-ADDB-F41225AC98DB}.Release|Any CPU.Build.0 = Release|Any CPU
		{7D969281-FD71-4DFA-ACF3-7CE772F950A5}.Debug|Any CPU.ActiveCfg = Debug|Any CPU
		{7D969281-FD71-4DFA-ACF3-7CE772F950A5}.Debug|Any CPU.Build.0 = Debug|Any CPU
		{7D969281-FD71-4DFA-ACF3-7CE772F950A5}.Release|Any CPU.ActiveCfg = Release|Any CPU
		{7D969281-FD71-4DFA-ACF3-7CE772F950A5}.Release|Any CPU.Build.0 = Release|Any CPU
		{37F80328-35AC-4FED-8C50-59AFB2987B12}.Debug|Any CPU.ActiveCfg = Debug|Any CPU
		{37F80328-35AC-4FED-8C50-59AFB2987B12}.Debug|Any CPU.Build.0 = Debug|Any CPU
		{37F80328-35AC-4FED-8C50-59AFB2987B12}.Release|Any CPU.ActiveCfg = Release|Any CPU
		{37F80328-35AC-4FED-8C50-59AFB2987B12}.Release|Any CPU.Build.0 = Release|Any CPU
		{9C5177D6-B929-4082-B97F-0A2EC4954B19}.Debug|Any CPU.ActiveCfg = Debug|Any CPU
		{9C5177D6-B929-4082-B97F-0A2EC4954B19}.Debug|Any CPU.Build.0 = Debug|Any CPU
		{9C5177D6-B929-4082-B97F-0A2EC4954B19}.Release|Any CPU.ActiveCfg = Release|Any CPU
		{9C5177D6-B929-4082-B97F-0A2EC4954B19}.Release|Any CPU.Build.0 = Release|Any CPU
		{968C767D-9FE8-4067-9706-2C7BB3EE5095}.Debug|Any CPU.ActiveCfg = Debug|Any CPU
		{968C767D-9FE8-4067-9706-2C7BB3EE5095}.Debug|Any CPU.Build.0 = Debug|Any CPU
		{968C767D-9FE8-4067-9706-2C7BB3EE5095}.Release|Any CPU.ActiveCfg = Release|Any CPU
		{968C767D-9FE8-4067-9706-2C7BB3EE5095}.Release|Any CPU.Build.0 = Release|Any CPU
		{211DBDC6-7985-49C1-84E3-AAC6FC6A8824}.Debug|Any CPU.ActiveCfg = Debug|Any CPU
		{211DBDC6-7985-49C1-84E3-AAC6FC6A8824}.Debug|Any CPU.Build.0 = Debug|Any CPU
		{211DBDC6-7985-49C1-84E3-AAC6FC6A8824}.Release|Any CPU.ActiveCfg = Release|Any CPU
		{211DBDC6-7985-49C1-84E3-AAC6FC6A8824}.Release|Any CPU.Build.0 = Release|Any CPU
		{57C00358-6CBC-460C-A358-1C9D02637CE9}.Debug|Any CPU.ActiveCfg = Debug|Any CPU
		{57C00358-6CBC-460C-A358-1C9D02637CE9}.Debug|Any CPU.Build.0 = Debug|Any CPU
		{57C00358-6CBC-460C-A358-1C9D02637CE9}.Release|Any CPU.ActiveCfg = Release|Any CPU
		{57C00358-6CBC-460C-A358-1C9D02637CE9}.Release|Any CPU.Build.0 = Release|Any CPU
		{AF040061-07CF-4791-8D69-2E1E617A12F3}.Debug|Any CPU.ActiveCfg = Debug|Any CPU
		{AF040061-07CF-4791-8D69-2E1E617A12F3}.Debug|Any CPU.Build.0 = Debug|Any CPU
		{AF040061-07CF-4791-8D69-2E1E617A12F3}.Release|Any CPU.ActiveCfg = Release|Any CPU
		{AF040061-07CF-4791-8D69-2E1E617A12F3}.Release|Any CPU.Build.0 = Release|Any CPU
		{19407B2F-CA47-4F58-A037-448E0E6DD3D8}.Debug|Any CPU.ActiveCfg = Debug|Any CPU
		{19407B2F-CA47-4F58-A037-448E0E6DD3D8}.Debug|Any CPU.Build.0 = Debug|Any CPU
		{19407B2F-CA47-4F58-A037-448E0E6DD3D8}.Release|Any CPU.ActiveCfg = Release|Any CPU
		{19407B2F-CA47-4F58-A037-448E0E6DD3D8}.Release|Any CPU.Build.0 = Release|Any CPU
		{A466B890-416F-42EB-85D2-CE09F69DF1E5}.Debug|Any CPU.ActiveCfg = Debug|Any CPU
		{A466B890-416F-42EB-85D2-CE09F69DF1E5}.Debug|Any CPU.Build.0 = Debug|Any CPU
		{A466B890-416F-42EB-85D2-CE09F69DF1E5}.Release|Any CPU.ActiveCfg = Release|Any CPU
		{A466B890-416F-42EB-85D2-CE09F69DF1E5}.Release|Any CPU.Build.0 = Release|Any CPU
		{D8F42392-C88F-407A-90D1-A9A5342AF05E}.Debug|Any CPU.ActiveCfg = Debug|Any CPU
		{D8F42392-C88F-407A-90D1-A9A5342AF05E}.Debug|Any CPU.Build.0 = Debug|Any CPU
		{D8F42392-C88F-407A-90D1-A9A5342AF05E}.Release|Any CPU.ActiveCfg = Release|Any CPU
		{D8F42392-C88F-407A-90D1-A9A5342AF05E}.Release|Any CPU.Build.0 = Release|Any CPU
		{C2B01C53-71B7-43E8-A35B-CB7B88D55071}.Debug|Any CPU.ActiveCfg = Debug|Any CPU
		{C2B01C53-71B7-43E8-A35B-CB7B88D55071}.Debug|Any CPU.Build.0 = Debug|Any CPU
		{C2B01C53-71B7-43E8-A35B-CB7B88D55071}.Release|Any CPU.ActiveCfg = Release|Any CPU
		{C2B01C53-71B7-43E8-A35B-CB7B88D55071}.Release|Any CPU.Build.0 = Release|Any CPU
		{A229B885-F520-4C9A-975E-B0FE90E51D38}.Debug|Any CPU.ActiveCfg = Debug|Any CPU
		{A229B885-F520-4C9A-975E-B0FE90E51D38}.Debug|Any CPU.Build.0 = Debug|Any CPU
		{A229B885-F520-4C9A-975E-B0FE90E51D38}.Release|Any CPU.ActiveCfg = Release|Any CPU
		{A229B885-F520-4C9A-975E-B0FE90E51D38}.Release|Any CPU.Build.0 = Release|Any CPU
		{E8622D21-5097-479A-BC2F-92348B33EAA2}.Debug|Any CPU.ActiveCfg = Debug|Any CPU
		{E8622D21-5097-479A-BC2F-92348B33EAA2}.Debug|Any CPU.Build.0 = Debug|Any CPU
		{E8622D21-5097-479A-BC2F-92348B33EAA2}.Release|Any CPU.ActiveCfg = Release|Any CPU
		{E8622D21-5097-479A-BC2F-92348B33EAA2}.Release|Any CPU.Build.0 = Release|Any CPU
		{B9A57598-5654-461E-982B-0396EAFE281D}.Debug|Any CPU.ActiveCfg = Debug|Any CPU
		{B9A57598-5654-461E-982B-0396EAFE281D}.Debug|Any CPU.Build.0 = Debug|Any CPU
		{B9A57598-5654-461E-982B-0396EAFE281D}.Release|Any CPU.ActiveCfg = Release|Any CPU
		{B9A57598-5654-461E-982B-0396EAFE281D}.Release|Any CPU.Build.0 = Release|Any CPU
		{F09C414E-BBA4-4DCC-A577-72A0785F130D}.Debug|Any CPU.ActiveCfg = Debug|Any CPU
		{F09C414E-BBA4-4DCC-A577-72A0785F130D}.Debug|Any CPU.Build.0 = Debug|Any CPU
		{F09C414E-BBA4-4DCC-A577-72A0785F130D}.Release|Any CPU.ActiveCfg = Release|Any CPU
		{F09C414E-BBA4-4DCC-A577-72A0785F130D}.Release|Any CPU.Build.0 = Release|Any CPU
		{F4A5203B-0851-484A-A6FC-00B1CBED6107}.Debug|Any CPU.ActiveCfg = Debug|Any CPU
		{F4A5203B-0851-484A-A6FC-00B1CBED6107}.Debug|Any CPU.Build.0 = Debug|Any CPU
		{F4A5203B-0851-484A-A6FC-00B1CBED6107}.Release|Any CPU.ActiveCfg = Release|Any CPU
		{F4A5203B-0851-484A-A6FC-00B1CBED6107}.Release|Any CPU.Build.0 = Release|Any CPU
	EndGlobalSection
	GlobalSection(SolutionProperties) = preSolution
		HideSolutionNode = FALSE
	EndGlobalSection
	GlobalSection(NestedProjects) = preSolution
		{0CA9D23C-1325-485B-904C-8E8CDF9EE5A7} = {87CD3FC4-F8A8-42AC-B17C-9705B4BB6CA3}
		{42AB1D01-5837-4709-ADDB-F41225AC98DB} = {003B2A6E-97C5-49E5-87DB-2B43C2085215}
		{7D969281-FD71-4DFA-ACF3-7CE772F950A5} = {87CD3FC4-F8A8-42AC-B17C-9705B4BB6CA3}
		{37F80328-35AC-4FED-8C50-59AFB2987B12} = {87CD3FC4-F8A8-42AC-B17C-9705B4BB6CA3}
		{9C5177D6-B929-4082-B97F-0A2EC4954B19} = {87CD3FC4-F8A8-42AC-B17C-9705B4BB6CA3}
		{968C767D-9FE8-4067-9706-2C7BB3EE5095} = {87CD3FC4-F8A8-42AC-B17C-9705B4BB6CA3}
		{211DBDC6-7985-49C1-84E3-AAC6FC6A8824} = {87CD3FC4-F8A8-42AC-B17C-9705B4BB6CA3}
		{57C00358-6CBC-460C-A358-1C9D02637CE9} = {8F0DAB8E-6CCC-4CF2-93F2-40E99BFAA441}
		{AF040061-07CF-4791-8D69-2E1E617A12F3} = {8F0DAB8E-6CCC-4CF2-93F2-40E99BFAA441}
		{19407B2F-CA47-4F58-A037-448E0E6DD3D8} = {8F0DAB8E-6CCC-4CF2-93F2-40E99BFAA441}
		{A466B890-416F-42EB-85D2-CE09F69DF1E5} = {003B2A6E-97C5-49E5-87DB-2B43C2085215}
		{D8F42392-C88F-407A-90D1-A9A5342AF05E} = {003B2A6E-97C5-49E5-87DB-2B43C2085215}
		{C2B01C53-71B7-43E8-A35B-CB7B88D55071} = {003B2A6E-97C5-49E5-87DB-2B43C2085215}
		{A229B885-F520-4C9A-975E-B0FE90E51D38} = {003B2A6E-97C5-49E5-87DB-2B43C2085215}
		{E8622D21-5097-479A-BC2F-92348B33EAA2} = {003B2A6E-97C5-49E5-87DB-2B43C2085215}
		{B9A57598-5654-461E-982B-0396EAFE281D} = {003B2A6E-97C5-49E5-87DB-2B43C2085215}
		{F09C414E-BBA4-4DCC-A577-72A0785F130D} = {8F0DAB8E-6CCC-4CF2-93F2-40E99BFAA441}
		{F4A5203B-0851-484A-A6FC-00B1CBED6107} = {8F0DAB8E-6CCC-4CF2-93F2-40E99BFAA441}
	EndGlobalSection
	GlobalSection(ExtensibilityGlobals) = postSolution
		SolutionGuid = {570EECFA-F92C-481A-8183-BA2E5B503337}
	EndGlobalSection
EndGlobal
